{
  "requires": true,
  "lockfileVersion": 1,
  "dependencies": {
    "hello-week": {
      "version": "2.10.3",
      "resolved": "https://registry.npmjs.org/hello-week/-/hello-week-2.10.3.tgz",
      "integrity": "sha512-T99rakSl/LQL/qdgIHCCwJ2ToYBZ/fblgef3hSFzH9NCx8Wmdq3WaEEaNfaUmbu2M+9NGkJZTVXn6sJY7CaAZQ=="
    },
    "window-date-picker": {
      "version": "1.0.1",
      "resolved": "https://registry.npmjs.org/window-date-picker/-/window-date-picker-1.0.1.tgz",
      "integrity": "sha512-r861DiOrZyCdiOwr/csfp81Zho/A/YvCyrWQQUTNBZBC1zKrgIkG22Jx8jRMX3vFWJUX2BNoLzD8zNkLljZ5Gw=="
    }
  }
}
